// !$*UTF8*$!
{
	archiveVersion = 1;
	classes = {
	};
	objectVersion = 46;
	objects = {

/* Begin PBXBuildFile section */
		E194196509C40AFB00266191 /* main.c in Sources */ = {isa = PBXBuildFile; fileRef = 08FB7796FE84155DC02AAC07 /* main.c */; settings = {ATTRIBUTES = (); }; };
		E194196709C40AFB00266191 /* CoreFoundation.framework in Frameworks */ = {isa = PBXBuildFile; fileRef = 09AB6884FE841BABC02AAC07 /* CoreFoundation.framework */; };
		E194196809C40AFB00266191 /* ApplicationServices.framework in Frameworks */ = {isa = PBXBuildFile; fileRef = F561F49F0139D7DD01AEEDB1 /* ApplicationServices.framework */; };
		E194196909C40AFB00266191 /* Carbon.framework in Frameworks */ = {isa = PBXBuildFile; fileRef = F5E819BF0198DFF701AEEDB1 /* Carbon.framework */; };
		E194196A09C40AFB00266191 /* Security.framework in Frameworks */ = {isa = PBXBuildFile; fileRef = F579CF4B019A1C6D01AEEDB1 /* Security.framework */; };
/* End PBXBuildFile section */

/* Begin PBXFileReference section */
		08FB7796FE84155DC02AAC07 /* main.c */ = {isa = PBXFileReference; fileEncoding = 30; lastKnownFileType = sourcecode.c.c; path = main.c; sourceTree = "<group>"; tabWidth = 8; };
		09AB6884FE841BABC02AAC07 /* CoreFoundation.framework */ = {isa = PBXFileReference; lastKnownFileType = wrapper.framework; name = CoreFoundation.framework; path = /System/Library/Frameworks/CoreFoundation.framework; sourceTree = "<absolute>"; };
		E194197009C40AFB00266191 /* launch */ = {isa = PBXFileReference; explicitFileType = "compiled.mach-o.executable"; includeInIndex = 0; path = launch; sourceTree = BUILT_PRODUCTS_DIR; };
		F561F49F0139D7DD01AEEDB1 /* ApplicationServices.framework */ = {isa = PBXFileReference; lastKnownFileType = wrapper.framework; name = ApplicationServices.framework; path = /System/Library/Frameworks/ApplicationServices.framework; sourceTree = "<absolute>"; };
		F574340B01B8A47B01AEEDB1 /* VERSION */ = {isa = PBXFileReference; fileEncoding = 30; lastKnownFileType = text; path = VERSION; sourceTree = "<group>"; };
		F579CF4B019A1C6D01AEEDB1 /* Security.framework */ = {isa = PBXFileReference; lastKnownFileType = wrapper.framework; name = Security.framework; path = /System/Library/Frameworks/Security.framework; sourceTree = "<absolute>"; };
		F5C0CA9501B5740C01AEEDB1 /* README */ = {isa = PBXFileReference; fileEncoding = 30; lastKnownFileType = text; path = README; sourceTree = "<group>"; };
		F5E819BF0198DFF701AEEDB1 /* Carbon.framework */ = {isa = PBXFileReference; lastKnownFileType = wrapper.framework; name = Carbon.framework; path = /System/Library/Frameworks/Carbon.framework; sourceTree = "<absolute>"; };
/* End PBXFileReference section */

/* Begin PBXFrameworksBuildPhase section */
		E194196609C40AFB00266191 /* Frameworks */ = {
			isa = PBXFrameworksBuildPhase;
			buildActionMask = 2147483647;
			files = (
				E194196709C40AFB00266191 /* CoreFoundation.framework in Frameworks */,
				E194196809C40AFB00266191 /* ApplicationServices.framework in Frameworks */,
				E194196909C40AFB00266191 /* Carbon.framework in Frameworks */,
				E194196A09C40AFB00266191 /* Security.framework in Frameworks */,
			);
			runOnlyForDeploymentPostprocessing = 0;
		};
/* End PBXFrameworksBuildPhase section */

/* Begin PBXGroup section */
		08FB7794FE84155DC02AAC07 /* launch */ = {
			isa = PBXGroup;
			children = (
				08FB7795FE84155DC02AAC07 /* Source */,
				72CD182E18779F3E00F4ACCE /* Documentation */,
				08FB779DFE84155DC02AAC07 /* External Frameworks and Libraries */,
				19C28FBDFE9D53C911CA2CBB /* Products */,
			);
			name = launch;
			sourceTree = "<group>";
		};
		08FB7795FE84155DC02AAC07 /* Source */ = {
			isa = PBXGroup;
			children = (
				08FB7796FE84155DC02AAC07 /* main.c */,
			);
			name = Source;
			sourceTree = "<group>";
		};
		08FB779DFE84155DC02AAC07 /* External Frameworks and Libraries */ = {
			isa = PBXGroup;
			children = (
				F5E819BF0198DFF701AEEDB1 /* Carbon.framework */,
				F561F49F0139D7DD01AEEDB1 /* ApplicationServices.framework */,
				09AB6884FE841BABC02AAC07 /* CoreFoundation.framework */,
				F579CF4B019A1C6D01AEEDB1 /* Security.framework */,
			);
			name = "External Frameworks and Libraries";
			sourceTree = "<group>";
		};
		19C28FBDFE9D53C911CA2CBB /* Products */ = {
			isa = PBXGroup;
			children = (
				E194197009C40AFB00266191 /* launch */,
			);
			name = Products;
			sourceTree = "<group>";
		};
		72CD182E18779F3E00F4ACCE /* Documentation */ = {
			isa = PBXGroup;
			children = (
				F5C0CA9501B5740C01AEEDB1 /* README */,
				F574340B01B8A47B01AEEDB1 /* VERSION */,
			);
			name = Documentation;
			sourceTree = "<group>";
		};
/* End PBXGroup section */

/* Begin PBXNativeTarget section */
		E194196209C40AFB00266191 /* launch */ = {
			isa = PBXNativeTarget;
			buildConfigurationList = E194196C09C40AFB00266191 /* Build configuration list for PBXNativeTarget "launch" */;
			buildPhases = (
				E194196409C40AFB00266191 /* Sources */,
				E194196609C40AFB00266191 /* Frameworks */,
			);
			buildRules = (
			);
			dependencies = (
			);
			name = launch;
			productInstallPath = "$(HOME)/bin";
			productName = launch;
			productReference = E194197009C40AFB00266191 /* launch */;
			productType = "com.apple.product-type.tool";
		};
/* End PBXNativeTarget section */

/* Begin PBXProject section */
		08FB7793FE84155DC02AAC07 /* Project object */ = {
			isa = PBXProject;
			attributes = {
				LastUpgradeCheck = 0460;
			};
			buildConfigurationList = E194195609C40AD400266191 /* Build configuration list for PBXProject "launch" */;
			compatibilityVersion = "Xcode 3.2";
			developmentRegion = English;
			hasScannedForEncodings = 1;
			knownRegions = (
				en,
			);
			mainGroup = 08FB7794FE84155DC02AAC07 /* launch */;
			projectDirPath = "";
			projectRoot = "";
			targets = (
				E194196209C40AFB00266191 /* launch */,
			);
		};
/* End PBXProject section */

/* Begin PBXSourcesBuildPhase section */
		E194196409C40AFB00266191 /* Sources */ = {
			isa = PBXSourcesBuildPhase;
			buildActionMask = 2147483647;
			files = (
				E194196509C40AFB00266191 /* main.c in Sources */,
			);
			runOnlyForDeploymentPostprocessing = 0;
		};
/* End PBXSourcesBuildPhase section */

/* Begin XCBuildConfiguration section */
		E194195709C40AD400266191 /* Development */ = {
			isa = XCBuildConfiguration;
			buildSettings = {
				ARCHS = "$(ARCHS_STANDARD_32_BIT)";
				GCC_C_LANGUAGE_STANDARD = c99;
				MACOSX_DEPLOYMENT_TARGET = 10.6;
				SDKROOT = "";
			};
			name = Development;
		};
		E194195809C40AD400266191 /* Deployment */ = {
			isa = XCBuildConfiguration;
			buildSettings = {
				ARCHS = "$(ARCHS_STANDARD_32_BIT)";
				GCC_C_LANGUAGE_STANDARD = c99;
				MACOSX_DEPLOYMENT_TARGET = 10.6;
				SDKROOT = "";
			};
			name = Deployment;
		};
		E194196D09C40AFB00266191 /* Development */ = {
			isa = XCBuildConfiguration;
			buildSettings = {
				ARCHS = "$(ARCHS_STANDARD_32_BIT)";
				COPY_PHASE_STRIP = NO;
				GCC_GENERATE_DEBUGGING_SYMBOLS = YES;
				GCC_OPTIMIZATION_LEVEL = 0;
				MACOSX_DEPLOYMENT_TARGET = 10.8;
				PRODUCT_NAME = launch;
				SDKROOT = macosx10.8;
				WARNING_CFLAGS = (
					"-Wmost",
					"-Wno-four-char-constants",
					"-Wno-unknown-pragmas",
				);
			};
			name = Development;
		};
		E194196E09C40AFB00266191 /* Deployment */ = {
			isa = XCBuildConfiguration;
			buildSettings = {
				ARCHS = "$(ARCHS_STANDARD_32_BIT)";
				INSTALL_PATH = "\U0001/usr/local/bin";
				MACOSX_DEPLOYMENT_TARGET = 10.8;
				PRODUCT_NAME = launch;
				SDKROOT = macosx10.8;
				WARNING_CFLAGS = (
					"-Wmost",
					"-Wno-four-char-constants",
					"-Wno-unknown-pragmas",
				);
			};
			name = Deployment;
		};
/* End XCBuildConfiguration section */

/* Begin XCConfigurationList section */
		E194195609C40AD400266191 /* Build configuration list for PBXProject "launch" */ = {
			isa = XCConfigurationList;
			buildConfigurations = (
				E194195709C40AD400266191 /* Development */,
				E194195809C40AD400266191 /* Deployment */,
			);
			defaultConfigurationIsVisible = 0;
			defaultConfigurationName = Development;
		};
		E194196C09C40AFB00266191 /* Build configuration list for PBXNativeTarget "launch" */ = {
			isa = XCConfigurationList;
			buildConfigurations = (
				E194196D09C40AFB00266191 /* Development */,
				E194196E09C40AFB00266191 /* Deployment */,
			);
			defaultConfigurationIsVisible = 0;
			defaultConfigurationName = Development;
		};
/* End XCConfigurationList section */
	};
	rootObject = 08FB7793FE84155DC02AAC07 /* Project object */;
}
